
Microsoft Visual Studio Solution File, Format Version 12.00
# Visual Studio 15
VisualStudioVersion = 15.0.28010.2026
MinimumVisualStudioVersion = 10.0.40219.1
Project("{6EC3EE1D-3C4E-46DD-8F32-0CC8E7565705}") = "Byrefs", "Byrefs\Byrefs.fsproj", "{16A6533E-C89C-4AFE-8FF2-F8A589F087A5}"
EndProject
Project("{6EC3EE1D-3C4E-46DD-8F32-0CC8E7565705}") = "ByrefReturns", "ByrefReturns\ByrefReturns.fsproj", "{54910C1E-1E29-4102-A1A1-9B0C4010ED97}"
EndProject
Project("{F2A71F9B-5D33-465A-A702-920D77279786}") = "ByrefStructs", "ByrefStructs\ByrefStructs.fsproj", "{D93EDF84-B1DC-472E-8646-4E55134CC3BA}"
EndProject
Project("{F2A71F9B-5D33-465A-A702-920D77279786}") = "MatchBang", "MatchBang\MatchBang.fsproj", "{6AFFFA93-D36D-4430-826E-DF6D9ABD901D}"
EndProject
Global
	GlobalSection(SolutionConfigurationPlatforms) = preSolution
		Debug|Any CPU = Debug|Any CPU
		Release|Any CPU = Release|Any CPU
	EndGlobalSection
	GlobalSection(ProjectConfigurationPlatforms) = postSolution
		{16A6533E-C89C-4AFE-8FF2-F8A589F087A5}.Debug|Any CPU.ActiveCfg = Debug|Any CPU
		{16A6533E-C89C-4AFE-8FF2-F8A589F087A5}.Debug|Any CPU.Build.0 = Debug|Any CPU
		{16A6533E-C89C-4AFE-8FF2-F8A589F087A5}.Release|Any CPU.ActiveCfg = Release|Any CPU
		{16A6533E-C89C-4AFE-8FF2-F8A589F087A5}.Release|Any CPU.Build.0 = Release|Any CPU
		{54910C1E-1E29-4102-A1A1-9B0C4010ED97}.Debug|Any CPU.ActiveCfg = Debug|Any CPU
		{54910C1E-1E29-4102-A1A1-9B0C4010ED97}.Debug|Any CPU.Build.0 = Debug|Any CPU
		{54910C1E-1E29-4102-A1A1-9B0C4010ED97}.Release|Any CPU.ActiveCfg = Release|Any CPU
		{54910C1E-1E29-4102-A1A1-9B0C4010ED97}.Release|Any CPU.Build.0 = Release|Any CPU
		{D93EDF84-B1DC-472E-8646-4E55134CC3BA}.Debug|Any CPU.ActiveCfg = Debug|Any CPU
		{D93EDF84-B1DC-472E-8646-4E55134CC3BA}.Debug|Any CPU.Build.0 = Debug|Any CPU
		{D93EDF84-B1DC-472E-8646-4E55134CC3BA}.Release|Any CPU.ActiveCfg = Release|Any CPU
		{D93EDF84-B1DC-472E-8646-4E55134CC3BA}.Release|Any CPU.Build.0 = Release|Any CPU
		{6AFFFA93-D36D-4430-826E-DF6D9ABD901D}.Debug|Any CPU.ActiveCfg = Debug|Any CPU
		{6AFFFA93-D36D-4430-826E-DF6D9ABD901D}.Debug|Any CPU.Build.0 = Debug|Any CPU
		{6AFFFA93-D36D-4430-826E-DF6D9ABD901D}.Release|Any CPU.ActiveCfg = Release|Any CPU
		{6AFFFA93-D36D-4430-826E-DF6D9ABD901D}.Release|Any CPU.Build.0 = Release|Any CPU
	EndGlobalSection
	GlobalSection(SolutionProperties) = preSolution
		HideSolutionNode = FALSE
	EndGlobalSection
	GlobalSection(ExtensibilityGlobals) = postSolution
		SolutionGuid = {7D8B0634-909E-4494-B289-B220BF64FEA9}
	EndGlobalSection
EndGlobal
